// !$*UTF8*$!
{
	archiveVersion = 1;
	classes = {
	};
	objectVersion = 48;
	objects = {

/* Begin PBXBuildFile section */
		DA505F9B207650030034BEA1 /* main.cpp in Sources */ = {isa = PBXBuildFile; fileRef = DA505F9A207650030034BEA1 /* main.cpp */; };
		DA505FA3207650850034BEA1 /* OpenCL.framework in Frameworks */ = {isa = PBXBuildFile; fileRef = DA505FA2207650850034BEA1 /* OpenCL.framework */; };
		DA505FD0207650B60034BEA1 /* libopencv_text.3.4.1.dylib in Frameworks */ = {isa = PBXBuildFile; fileRef = DA505FA4207650B50034BEA1 /* libopencv_text.3.4.1.dylib */; };
		DA505FD1207650B60034BEA1 /* libopencv_videostab.3.4.1.dylib in Frameworks */ = {isa = PBXBuildFile; fileRef = DA505FA5207650B50034BEA1 /* libopencv_videostab.3.4.1.dylib */; };
		DA505FD2207650B60034BEA1 /* libopencv_calib3d.3.4.1.dylib in Frameworks */ = {isa = PBXBuildFile; fileRef = DA505FA6207650B50034BEA1 /* libopencv_calib3d.3.4.1.dylib */; };
		DA505FD3207650B60034BEA1 /* libopencv_core.3.4.1.dylib in Frameworks */ = {isa = PBXBuildFile; fileRef = DA505FA7207650B50034BEA1 /* libopencv_core.3.4.1.dylib */; };
		DA505FD4207650B60034BEA1 /* libopencv_surface_matching.3.4.1.dylib in Frameworks */ = {isa = PBXBuildFile; fileRef = DA505FA8207650B50034BEA1 /* libopencv_surface_matching.3.4.1.dylib */; };
		DA505FD5207650B60034BEA1 /* libopencv_stitching.3.4.1.dylib in Frameworks */ = {isa = PBXBuildFile; fileRef = DA505FA9207650B50034BEA1 /* libopencv_stitching.3.4.1.dylib */; };
		DA505FD6207650B60034BEA1 /* libopencv_ccalib.3.4.1.dylib in Frameworks */ = {isa = PBXBuildFile; fileRef = DA505FAA207650B50034BEA1 /* libopencv_ccalib.3.4.1.dylib */; };
		DA505FD7207650B60034BEA1 /* libopencv_reg.3.4.1.dylib in Frameworks */ = {isa = PBXBuildFile; fileRef = DA505FAB207650B50034BEA1 /* libopencv_reg.3.4.1.dylib */; };
		DA505FD8207650B60034BEA1 /* libopencv_tracking.3.4.1.dylib in Frameworks */ = {isa = PBXBuildFile; fileRef = DA505FAC207650B50034BEA1 /* libopencv_tracking.3.4.1.dylib */; };
		DA505FD9207650B60034BEA1 /* libopencv_superres.3.4.1.dylib in Frameworks */ = {isa = PBXBuildFile; fileRef = DA505FAD207650B50034BEA1 /* libopencv_superres.3.4.1.dylib */; };
		DA505FDA207650B60034BEA1 /* libopencv_bgsegm.3.4.1.dylib in Frameworks */ = {isa = PBXBuildFile; fileRef = DA505FAE207650B50034BEA1 /* libopencv_bgsegm.3.4.1.dylib */; };
		DA505FDB207650B60034BEA1 /* libopencv_hfs.3.4.1.dylib in Frameworks */ = {isa = PBXBuildFile; fileRef = DA505FAF207650B50034BEA1 /* libopencv_hfs.3.4.1.dylib */; };
		DA505FDC207650B60034BEA1 /* libopencv_line_descriptor.3.4.1.dylib in Frameworks */ = {isa = PBXBuildFile; fileRef = DA505FB0207650B50034BEA1 /* libopencv_line_descriptor.3.4.1.dylib */; };
		DA505FDD207650B60034BEA1 /* libopencv_dnn.3.4.1.dylib in Frameworks */ = {isa = PBXBuildFile; fileRef = DA505FB1207650B50034BEA1 /* libopencv_dnn.3.4.1.dylib */; };
		DA505FDE207650B60034BEA1 /* libopencv_ximgproc.3.4.1.dylib in Frameworks */ = {isa = PBXBuildFile; fileRef = DA505FB2207650B50034BEA1 /* libopencv_ximgproc.3.4.1.dylib */; };
		DA505FDF207650B60034BEA1 /* libopencv_bioinspired.3.4.1.dylib in Frameworks */ = {isa = PBXBuildFile; fileRef = DA505FB3207650B50034BEA1 /* libopencv_bioinspired.3.4.1.dylib */; };
		DA505FE0207650B60034BEA1 /* libopencv_face.3.4.1.dylib in Frameworks */ = {isa = PBXBuildFile; fileRef = DA505FB4207650B50034BEA1 /* libopencv_face.3.4.1.dylib */; };
		DA505FE1207650B60034BEA1 /* libopencv_highgui.3.4.1.dylib in Frameworks */ = {isa = PBXBuildFile; fileRef = DA505FB5207650B50034BEA1 /* libopencv_highgui.3.4.1.dylib */; };
		DA505FE2207650B60034BEA1 /* libopencv_aruco.3.4.1.dylib in Frameworks */ = {isa = PBXBuildFile; fileRef = DA505FB6207650B50034BEA1 /* libopencv_aruco.3.4.1.dylib */; };
		DA505FE3207650B60034BEA1 /* libopencv_dnn_objdetect.3.4.1.dylib in Frameworks */ = {isa = PBXBuildFile; fileRef = DA505FB7207650B50034BEA1 /* libopencv_dnn_objdetect.3.4.1.dylib */; };
		DA505FE4207650B60034BEA1 /* libopencv_dpm.3.4.1.dylib in Frameworks */ = {isa = PBXBuildFile; fileRef = DA505FB8207650B50034BEA1 /* libopencv_dpm.3.4.1.dylib */; };
		DA505FE5207650B60034BEA1 /* libopencv_flann.3.4.1.dylib in Frameworks */ = {isa = PBXBuildFile; fileRef = DA505FB9207650B50034BEA1 /* libopencv_flann.3.4.1.dylib */; };
		DA505FE6207650B60034BEA1 /* libopencv_img_hash.3.4.1.dylib in Frameworks */ = {isa = PBXBuildFile; fileRef = DA505FBA207650B50034BEA1 /* libopencv_img_hash.3.4.1.dylib */; };
		DA505FE7207650B60034BEA1 /* libopencv_imgcodecs.3.4.1.dylib in Frameworks */ = {isa = PBXBuildFile; fileRef = DA505FBB207650B50034BEA1 /* libopencv_imgcodecs.3.4.1.dylib */; };
		DA505FE8207650B60034BEA1 /* libopencv_features2d.3.4.1.dylib in Frameworks */ = {isa = PBXBuildFile; fileRef = DA505FBC207650B60034BEA1 /* libopencv_features2d.3.4.1.dylib */; };
		DA505FE9207650B60034BEA1 /* libopencv_objdetect.3.4.1.dylib in Frameworks */ = {isa = PBXBuildFile; fileRef = DA505FBD207650B60034BEA1 /* libopencv_objdetect.3.4.1.dylib */; };
		DA505FEA207650B60034BEA1 /* libopencv_stereo.3.4.1.dylib in Frameworks */ = {isa = PBXBuildFile; fileRef = DA505FBE207650B60034BEA1 /* libopencv_stereo.3.4.1.dylib */; };
		DA505FEB207650B60034BEA1 /* libopencv_rgbd.3.4.1.dylib in Frameworks */ = {isa = PBXBuildFile; fileRef = DA505FBF207650B60034BEA1 /* libopencv_rgbd.3.4.1.dylib */; };
		DA505FEC207650B60034BEA1 /* libopencv_video.3.4.1.dylib in Frameworks */ = {isa = PBXBuildFile; fileRef = DA505FC0207650B60034BEA1 /* libopencv_video.3.4.1.dylib */; };
		DA505FED207650B60034BEA1 /* libopencv_xfeatures2d.3.4.1.dylib in Frameworks */ = {isa = PBXBuildFile; fileRef = DA505FC1207650B60034BEA1 /* libopencv_xfeatures2d.3.4.1.dylib */; };
		DA505FEE207650B60034BEA1 /* libopencv_fuzzy.3.4.1.dylib in Frameworks */ = {isa = PBXBuildFile; fileRef = DA505FC2207650B60034BEA1 /* libopencv_fuzzy.3.4.1.dylib */; };
		DA505FEF207650B60034BEA1 /* libopencv_xobjdetect.3.4.1.dylib in Frameworks */ = {isa = PBXBuildFile; fileRef = DA505FC3207650B60034BEA1 /* libopencv_xobjdetect.3.4.1.dylib */; };
		DA505FF0207650B60034BEA1 /* libopencv_optflow.3.4.1.dylib in Frameworks */ = {isa = PBXBuildFile; fileRef = DA505FC4207650B60034BEA1 /* libopencv_optflow.3.4.1.dylib */; };
		DA505FF1207650B60034BEA1 /* libopencv_saliency.3.4.1.dylib in Frameworks */ = {isa = PBXBuildFile; fileRef = DA505FC5207650B60034BEA1 /* libopencv_saliency.3.4.1.dylib */; };
		DA505FF2207650B60034BEA1 /* libopencv_videoio.3.4.1.dylib in Frameworks */ = {isa = PBXBuildFile; fileRef = DA505FC6207650B60034BEA1 /* libopencv_videoio.3.4.1.dylib */; };
		DA505FF3207650B60034BEA1 /* libopencv_structured_light.3.4.1.dylib in Frameworks */ = {isa = PBXBuildFile; fileRef = DA505FC7207650B60034BEA1 /* libopencv_structured_light.3.4.1.dylib */; };
		DA505FF4207650B60034BEA1 /* libopencv_xphoto.3.4.1.dylib in Frameworks */ = {isa = PBXBuildFile; fileRef = DA505FC8207650B60034BEA1 /* libopencv_xphoto.3.4.1.dylib */; };
		DA505FF5207650B60034BEA1 /* libopencv_datasets.3.4.1.dylib in Frameworks */ = {isa = PBXBuildFile; fileRef = DA505FC9207650B60034BEA1 /* libopencv_datasets.3.4.1.dylib */; };
		DA505FF6207650B60034BEA1 /* libopencv_shape.3.4.1.dylib in Frameworks */ = {isa = PBXBuildFile; fileRef = DA505FCA207650B60034BEA1 /* libopencv_shape.3.4.1.dylib */; };
		DA505FF7207650B60034BEA1 /* libopencv_ml.3.4.1.dylib in Frameworks */ = {isa = PBXBuildFile; fileRef = DA505FCB207650B60034BEA1 /* libopencv_ml.3.4.1.dylib */; };
		DA505FF8207650B60034BEA1 /* libopencv_plot.3.4.1.dylib in Frameworks */ = {isa = PBXBuildFile; fileRef = DA505FCC207650B60034BEA1 /* libopencv_plot.3.4.1.dylib */; };
		DA505FF9207650B60034BEA1 /* libopencv_imgproc.3.4.1.dylib in Frameworks */ = {isa = PBXBuildFile; fileRef = DA505FCD207650B60034BEA1 /* libopencv_imgproc.3.4.1.dylib */; };
		DA505FFA207650B60034BEA1 /* libopencv_photo.3.4.1.dylib in Frameworks */ = {isa = PBXBuildFile; fileRef = DA505FCE207650B60034BEA1 /* libopencv_photo.3.4.1.dylib */; };
		DA505FFB207650B60034BEA1 /* libopencv_phase_unwrapping.3.4.1.dylib in Frameworks */ = {isa = PBXBuildFile; fileRef = DA505FCF207650B60034BEA1 /* libopencv_phase_unwrapping.3.4.1.dylib */; };
		DA505FFE207655DE0034BEA1 /* exemple.cl in Sources */ = {isa = PBXBuildFile; fileRef = DA505FFD207655DE0034BEA1 /* exemple.cl */; };
/* End PBXBuildFile section */

/* Begin PBXCopyFilesBuildPhase section */
		DA505F95207650020034BEA1 /* CopyFiles */ = {
			isa = PBXCopyFilesBuildPhase;
			buildActionMask = 2147483647;
			dstPath = /usr/share/man/man1/;
			dstSubfolderSpec = 0;
			files = (
			);
			runOnlyForDeploymentPostprocessing = 1;
		};
/* End PBXCopyFilesBuildPhase section */

/* Begin PBXFileReference section */
		DA505F97207650020034BEA1 /* exempleOpenCL */ = {isa = PBXFileReference; explicitFileType = "compiled.mach-o.executable"; includeInIndex = 0; path = exempleOpenCL; sourceTree = BUILT_PRODUCTS_DIR; };
		DA505F9A207650030034BEA1 /* main.cpp */ = {isa = PBXFileReference; lastKnownFileType = sourcecode.cpp.cpp; path = main.cpp; sourceTree = "<group>"; };
		DA505FA2207650850034BEA1 /* OpenCL.framework */ = {isa = PBXFileReference; lastKnownFileType = wrapper.framework; name = OpenCL.framework; path = System/Library/Frameworks/OpenCL.framework; sourceTree = SDKROOT; };
		DA505FA4207650B50034BEA1 /* libopencv_text.3.4.1.dylib */ = {isa = PBXFileReference; lastKnownFileType = "compiled.mach-o.dylib"; name = libopencv_text.3.4.1.dylib; path = ../../../../../usr/local/Cellar/opencv/3.4.1_2/lib/libopencv_text.3.4.1.dylib; sourceTree = "<group>"; };
		DA505FA5207650B50034BEA1 /* libopencv_videostab.3.4.1.dylib */ = {isa = PBXFileReference; lastKnownFileType = "compiled.mach-o.dylib"; name = libopencv_videostab.3.4.1.dylib; path = ../../../../../usr/local/Cellar/opencv/3.4.1_2/lib/libopencv_videostab.3.4.1.dylib; sourceTree = "<group>"; };
		DA505FA6207650B50034BEA1 /* libopencv_calib3d.3.4.1.dylib */ = {isa = PBXFileReference; lastKnownFileType = "compiled.mach-o.dylib"; name = libopencv_calib3d.3.4.1.dylib; path = ../../../../../usr/local/Cellar/opencv/3.4.1_2/lib/libopencv_calib3d.3.4.1.dylib; sourceTree = "<group>"; };
		DA505FA7207650B50034BEA1 /* libopencv_core.3.4.1.dylib */ = {isa = PBXFileReference; lastKnownFileType = "compiled.mach-o.dylib"; name = libopencv_core.3.4.1.dylib; path = ../../../../../usr/local/Cellar/opencv/3.4.1_2/lib/libopencv_core.3.4.1.dylib; sourceTree = "<group>"; };
		DA505FA8207650B50034BEA1 /* libopencv_surface_matching.3.4.1.dylib */ = {isa = PBXFileReference; lastKnownFileType = "compiled.mach-o.dylib"; name = libopencv_surface_matching.3.4.1.dylib; path = ../../../../../usr/local/Cellar/opencv/3.4.1_2/lib/libopencv_surface_matching.3.4.1.dylib; sourceTree = "<group>"; };
		DA505FA9207650B50034BEA1 /* libopencv_stitching.3.4.1.dylib */ = {isa = PBXFileReference; lastKnownFileType = "compiled.mach-o.dylib"; name = libopencv_stitching.3.4.1.dylib; path = ../../../../../usr/local/Cellar/opencv/3.4.1_2/lib/libopencv_stitching.3.4.1.dylib; sourceTree = "<group>"; };
		DA505FAA207650B50034BEA1 /* libopencv_ccalib.3.4.1.dylib */ = {isa = PBXFileReference; lastKnownFileType = "compiled.mach-o.dylib"; name = libopencv_ccalib.3.4.1.dylib; path = ../../../../../usr/local/Cellar/opencv/3.4.1_2/lib/libopencv_ccalib.3.4.1.dylib; sourceTree = "<group>"; };
		DA505FAB207650B50034BEA1 /* libopencv_reg.3.4.1.dylib */ = {isa = PBXFileReference; lastKnownFileType = "compiled.mach-o.dylib"; name = libopencv_reg.3.4.1.dylib; path = ../../../../../usr/local/Cellar/opencv/3.4.1_2/lib/libopencv_reg.3.4.1.dylib; sourceTree = "<group>"; };
		DA505FAC207650B50034BEA1 /* libopencv_tracking.3.4.1.dylib */ = {isa = PBXFileReference; lastKnownFileType = "compiled.mach-o.dylib"; name = libopencv_tracking.3.4.1.dylib; path = ../../../../../usr/local/Cellar/opencv/3.4.1_2/lib/libopencv_tracking.3.4.1.dylib; sourceTree = "<group>"; };
		DA505FAD207650B50034BEA1 /* libopencv_superres.3.4.1.dylib */ = {isa = PBXFileReference; lastKnownFileType = "compiled.mach-o.dylib"; name = libopencv_superres.3.4.1.dylib; path = ../../../../../usr/local/Cellar/opencv/3.4.1_2/lib/libopencv_superres.3.4.1.dylib; sourceTree = "<group>"; };
		DA505FAE207650B50034BEA1 /* libopencv_bgsegm.3.4.1.dylib */ = {isa = PBXFileReference; lastKnownFileType = "compiled.mach-o.dylib"; name = libopencv_bgsegm.3.4.1.dylib; path = ../../../../../usr/local/Cellar/opencv/3.4.1_2/lib/libopencv_bgsegm.3.4.1.dylib; sourceTree = "<group>"; };
		DA505FAF207650B50034BEA1 /* libopencv_hfs.3.4.1.dylib */ = {isa = PBXFileReference; lastKnownFileType = "compiled.mach-o.dylib"; name = libopencv_hfs.3.4.1.dylib; path = ../../../../../usr/local/Cellar/opencv/3.4.1_2/lib/libopencv_hfs.3.4.1.dylib; sourceTree = "<group>"; };
		DA505FB0207650B50034BEA1 /* libopencv_line_descriptor.3.4.1.dylib */ = {isa = PBXFileReference; lastKnownFileType = "compiled.mach-o.dylib"; name = libopencv_line_descriptor.3.4.1.dylib; path = ../../../../../usr/local/Cellar/opencv/3.4.1_2/lib/libopencv_line_descriptor.3.4.1.dylib; sourceTree = "<group>"; };
		DA505FB1207650B50034BEA1 /* libopencv_dnn.3.4.1.dylib */ = {isa = PBXFileReference; lastKnownFileType = "compiled.mach-o.dylib"; name = libopencv_dnn.3.4.1.dylib; path = ../../../../../usr/local/Cellar/opencv/3.4.1_2/lib/libopencv_dnn.3.4.1.dylib; sourceTree = "<group>"; };
		DA505FB2207650B50034BEA1 /* libopencv_ximgproc.3.4.1.dylib */ = {isa = PBXFileReference; lastKnownFileType = "compiled.mach-o.dylib"; name = libopencv_ximgproc.3.4.1.dylib; path = ../../../../../usr/local/Cellar/opencv/3.4.1_2/lib/libopencv_ximgproc.3.4.1.dylib; sourceTree = "<group>"; };
		DA505FB3207650B50034BEA1 /* libopencv_bioinspired.3.4.1.dylib */ = {isa = PBXFileReference; lastKnownFileType = "compiled.mach-o.dylib"; name = libopencv_bioinspired.3.4.1.dylib; path = ../../../../../usr/local/Cellar/opencv/3.4.1_2/lib/libopencv_bioinspired.3.4.1.dylib; sourceTree = "<group>"; };
		DA505FB4207650B50034BEA1 /* libopencv_face.3.4.1.dylib */ = {isa = PBXFileReference; lastKnownFileType = "compiled.mach-o.dylib"; name = libopencv_face.3.4.1.dylib; path = ../../../../../usr/local/Cellar/opencv/3.4.1_2/lib/libopencv_face.3.4.1.dylib; sourceTree = "<group>"; };
		DA505FB5207650B50034BEA1 /* libopencv_highgui.3.4.1.dylib */ = {isa = PBXFileReference; lastKnownFileType = "compiled.mach-o.dylib"; name = libopencv_highgui.3.4.1.dylib; path = ../../../../../usr/local/Cellar/opencv/3.4.1_2/lib/libopencv_highgui.3.4.1.dylib; sourceTree = "<group>"; };
		DA505FB6207650B50034BEA1 /* libopencv_aruco.3.4.1.dylib */ = {isa = PBXFileReference; lastKnownFileType = "compiled.mach-o.dylib"; name = libopencv_aruco.3.4.1.dylib; path = ../../../../../usr/local/Cellar/opencv/3.4.1_2/lib/libopencv_aruco.3.4.1.dylib; sourceTree = "<group>"; };
		DA505FB7207650B50034BEA1 /* libopencv_dnn_objdetect.3.4.1.dylib */ = {isa = PBXFileReference; lastKnownFileType = "compiled.mach-o.dylib"; name = libopencv_dnn_objdetect.3.4.1.dylib; path = ../../../../../usr/local/Cellar/opencv/3.4.1_2/lib/libopencv_dnn_objdetect.3.4.1.dylib; sourceTree = "<group>"; };
		DA505FB8207650B50034BEA1 /* libopencv_dpm.3.4.1.dylib */ = {isa = PBXFileReference; lastKnownFileType = "compiled.mach-o.dylib"; name = libopencv_dpm.3.4.1.dylib; path = ../../../../../usr/local/Cellar/opencv/3.4.1_2/lib/libopencv_dpm.3.4.1.dylib; sourceTree = "<group>"; };
		DA505FB9207650B50034BEA1 /* libopencv_flann.3.4.1.dylib */ = {isa = PBXFileReference; lastKnownFileType = "compiled.mach-o.dylib"; name = libopencv_flann.3.4.1.dylib; path = ../../../../../usr/local/Cellar/opencv/3.4.1_2/lib/libopencv_flann.3.4.1.dylib; sourceTree = "<group>"; };
		DA505FBA207650B50034BEA1 /* libopencv_img_hash.3.4.1.dylib */ = {isa = PBXFileReference; lastKnownFileType = "compiled.mach-o.dylib"; name = libopencv_img_hash.3.4.1.dylib; path = ../../../../../usr/local/Cellar/opencv/3.4.1_2/lib/libopencv_img_hash.3.4.1.dylib; sourceTree = "<group>"; };
		DA505FBB207650B50034BEA1 /* libopencv_imgcodecs.3.4.1.dylib */ = {isa = PBXFileReference; lastKnownFileType = "compiled.mach-o.dylib"; name = libopencv_imgcodecs.3.4.1.dylib; path = ../../../../../usr/local/Cellar/opencv/3.4.1_2/lib/libopencv_imgcodecs.3.4.1.dylib; sourceTree = "<group>"; };
		DA505FBC207650B60034BEA1 /* libopencv_features2d.3.4.1.dylib */ = {isa = PBXFileReference; lastKnownFileType = "compiled.mach-o.dylib"; name = libopencv_features2d.3.4.1.dylib; path = ../../../../../usr/local/Cellar/opencv/3.4.1_2/lib/libopencv_features2d.3.4.1.dylib; sourceTree = "<group>"; };
		DA505FBD207650B60034BEA1 /* libopencv_objdetect.3.4.1.dylib */ = {isa = PBXFileReference; lastKnownFileType = "compiled.mach-o.dylib"; name = libopencv_objdetect.3.4.1.dylib; path = ../../../../../usr/local/Cellar/opencv/3.4.1_2/lib/libopencv_objdetect.3.4.1.dylib; sourceTree = "<group>"; };
		DA505FBE207650B60034BEA1 /* libopencv_stereo.3.4.1.dylib */ = {isa = PBXFileReference; lastKnownFileType = "compiled.mach-o.dylib"; name = libopencv_stereo.3.4.1.dylib; path = ../../../../../usr/local/Cellar/opencv/3.4.1_2/lib/libopencv_stereo.3.4.1.dylib; sourceTree = "<group>"; };
		DA505FBF207650B60034BEA1 /* libopencv_rgbd.3.4.1.dylib */ = {isa = PBXFileReference; lastKnownFileType = "compiled.mach-o.dylib"; name = libopencv_rgbd.3.4.1.dylib; path = ../../../../../usr/local/Cellar/opencv/3.4.1_2/lib/libopencv_rgbd.3.4.1.dylib; sourceTree = "<group>"; };
		DA505FC0207650B60034BEA1 /* libopencv_video.3.4.1.dylib */ = {isa = PBXFileReference; lastKnownFileType = "compiled.mach-o.dylib"; name = libopencv_video.3.4.1.dylib; path = ../../../../../usr/local/Cellar/opencv/3.4.1_2/lib/libopencv_video.3.4.1.dylib; sourceTree = "<group>"; };
		DA505FC1207650B60034BEA1 /* libopencv_xfeatures2d.3.4.1.dylib */ = {isa = PBXFileReference; lastKnownFileType = "compiled.mach-o.dylib"; name = libopencv_xfeatures2d.3.4.1.dylib; path = ../../../../../usr/local/Cellar/opencv/3.4.1_2/lib/libopencv_xfeatures2d.3.4.1.dylib; sourceTree = "<group>"; };
		DA505FC2207650B60034BEA1 /* libopencv_fuzzy.3.4.1.dylib */ = {isa = PBXFileReference; lastKnownFileType = "compiled.mach-o.dylib"; name = libopencv_fuzzy.3.4.1.dylib; path = ../../../../../usr/local/Cellar/opencv/3.4.1_2/lib/libopencv_fuzzy.3.4.1.dylib; sourceTree = "<group>"; };
		DA505FC3207650B60034BEA1 /* libopencv_xobjdetect.3.4.1.dylib */ = {isa = PBXFileReference; lastKnownFileType = "compiled.mach-o.dylib"; name = libopencv_xobjdetect.3.4.1.dylib; path = ../../../../../usr/local/Cellar/opencv/3.4.1_2/lib/libopencv_xobjdetect.3.4.1.dylib; sourceTree = "<group>"; };
		DA505FC4207650B60034BEA1 /* libopencv_optflow.3.4.1.dylib */ = {isa = PBXFileReference; lastKnownFileType = "compiled.mach-o.dylib"; name = libopencv_optflow.3.4.1.dylib; path = ../../../../../usr/local/Cellar/opencv/3.4.1_2/lib/libopencv_optflow.3.4.1.dylib; sourceTree = "<group>"; };
		DA505FC5207650B60034BEA1 /* libopencv_saliency.3.4.1.dylib */ = {isa = PBXFileReference; lastKnownFileType = "compiled.mach-o.dylib"; name = libopencv_saliency.3.4.1.dylib; path = ../../../../../usr/local/Cellar/opencv/3.4.1_2/lib/libopencv_saliency.3.4.1.dylib; sourceTree = "<group>"; };
		DA505FC6207650B60034BEA1 /* libopencv_videoio.3.4.1.dylib */ = {isa = PBXFileReference; lastKnownFileType = "compiled.mach-o.dylib"; name = libopencv_videoio.3.4.1.dylib; path = ../../../../../usr/local/Cellar/opencv/3.4.1_2/lib/libopencv_videoio.3.4.1.dylib; sourceTree = "<group>"; };
		DA505FC7207650B60034BEA1 /* libopencv_structured_light.3.4.1.dylib */ = {isa = PBXFileReference; lastKnownFileType = "compiled.mach-o.dylib"; name = libopencv_structured_light.3.4.1.dylib; path = ../../../../../usr/local/Cellar/opencv/3.4.1_2/lib/libopencv_structured_light.3.4.1.dylib; sourceTree = "<group>"; };
		DA505FC8207650B60034BEA1 /* libopencv_xphoto.3.4.1.dylib */ = {isa = PBXFileReference; lastKnownFileType = "compiled.mach-o.dylib"; name = libopencv_xphoto.3.4.1.dylib; path = ../../../../../usr/local/Cellar/opencv/3.4.1_2/lib/libopencv_xphoto.3.4.1.dylib; sourceTree = "<group>"; };
		DA505FC9207650B60034BEA1 /* libopencv_datasets.3.4.1.dylib */ = {isa = PBXFileReference; lastKnownFileType = "compiled.mach-o.dylib"; name = libopencv_datasets.3.4.1.dylib; path = ../../../../../usr/local/Cellar/opencv/3.4.1_2/lib/libopencv_datasets.3.4.1.dylib; sourceTree = "<group>"; };
		DA505FCA207650B60034BEA1 /* libopencv_shape.3.4.1.dylib */ = {isa = PBXFileReference; lastKnownFileType = "compiled.mach-o.dylib"; name = libopencv_shape.3.4.1.dylib; path = ../../../../../usr/local/Cellar/opencv/3.4.1_2/lib/libopencv_shape.3.4.1.dylib; sourceTree = "<group>"; };
		DA505FCB207650B60034BEA1 /* libopencv_ml.3.4.1.dylib */ = {isa = PBXFileReference; lastKnownFileType = "compiled.mach-o.dylib"; name = libopencv_ml.3.4.1.dylib; path = ../../../../../usr/local/Cellar/opencv/3.4.1_2/lib/libopencv_ml.3.4.1.dylib; sourceTree = "<group>"; };
		DA505FCC207650B60034BEA1 /* libopencv_plot.3.4.1.dylib */ = {isa = PBXFileReference; lastKnownFileType = "compiled.mach-o.dylib"; name = libopencv_plot.3.4.1.dylib; path = ../../../../../usr/local/Cellar/opencv/3.4.1_2/lib/libopencv_plot.3.4.1.dylib; sourceTree = "<group>"; };
		DA505FCD207650B60034BEA1 /* libopencv_imgproc.3.4.1.dylib */ = {isa = PBXFileReference; lastKnownFileType = "compiled.mach-o.dylib"; name = libopencv_imgproc.3.4.1.dylib; path = ../../../../../usr/local/Cellar/opencv/3.4.1_2/lib/libopencv_imgproc.3.4.1.dylib; sourceTree = "<group>"; };
		DA505FCE207650B60034BEA1 /* libopencv_photo.3.4.1.dylib */ = {isa = PBXFileReference; lastKnownFileType = "compiled.mach-o.dylib"; name = libopencv_photo.3.4.1.dylib; path = ../../../../../usr/local/Cellar/opencv/3.4.1_2/lib/libopencv_photo.3.4.1.dylib; sourceTree = "<group>"; };
		DA505FCF207650B60034BEA1 /* libopencv_phase_unwrapping.3.4.1.dylib */ = {isa = PBXFileReference; lastKnownFileType = "compiled.mach-o.dylib"; name = libopencv_phase_unwrapping.3.4.1.dylib; path = ../../../../../usr/local/Cellar/opencv/3.4.1_2/lib/libopencv_phase_unwrapping.3.4.1.dylib; sourceTree = "<group>"; };
		DA505FFC207655B20034BEA1 /* myimage.jpg */ = {isa = PBXFileReference; lastKnownFileType = image.jpeg; path = myimage.jpg; sourceTree = "<group>"; };
		DA505FFD207655DE0034BEA1 /* exemple.cl */ = {isa = PBXFileReference; lastKnownFileType = sourcecode.opencl; path = exemple.cl; sourceTree = "<group>"; };
/* End PBXFileReference section */

/* Begin PBXFrameworksBuildPhase section */
		DA505F94207650020034BEA1 /* Frameworks */ = {
			isa = PBXFrameworksBuildPhase;
			buildActionMask = 2147483647;
			files = (
				DA505FD0207650B60034BEA1 /* libopencv_text.3.4.1.dylib in Frameworks */,
				DA505FD1207650B60034BEA1 /* libopencv_videostab.3.4.1.dylib in Frameworks */,
				DA505FD2207650B60034BEA1 /* libopencv_calib3d.3.4.1.dylib in Frameworks */,
				DA505FD3207650B60034BEA1 /* libopencv_core.3.4.1.dylib in Frameworks */,
				DA505FD4207650B60034BEA1 /* libopencv_surface_matching.3.4.1.dylib in Frameworks */,
				DA505FD5207650B60034BEA1 /* libopencv_stitching.3.4.1.dylib in Frameworks */,
				DA505FD6207650B60034BEA1 /* libopencv_ccalib.3.4.1.dylib in Frameworks */,
				DA505FD7207650B60034BEA1 /* libopencv_reg.3.4.1.dylib in Frameworks */,
				DA505FD8207650B60034BEA1 /* libopencv_tracking.3.4.1.dylib in Frameworks */,
				DA505FD9207650B60034BEA1 /* libopencv_superres.3.4.1.dylib in Frameworks */,
				DA505FDA207650B60034BEA1 /* libopencv_bgsegm.3.4.1.dylib in Frameworks */,
				DA505FDB207650B60034BEA1 /* libopencv_hfs.3.4.1.dylib in Frameworks */,
				DA505FDC207650B60034BEA1 /* libopencv_line_descriptor.3.4.1.dylib in Frameworks */,
				DA505FDD207650B60034BEA1 /* libopencv_dnn.3.4.1.dylib in Frameworks */,
				DA505FDE207650B60034BEA1 /* libopencv_ximgproc.3.4.1.dylib in Frameworks */,
				DA505FDF207650B60034BEA1 /* libopencv_bioinspired.3.4.1.dylib in Frameworks */,
				DA505FE0207650B60034BEA1 /* libopencv_face.3.4.1.dylib in Frameworks */,
				DA505FE1207650B60034BEA1 /* libopencv_highgui.3.4.1.dylib in Frameworks */,
				DA505FE2207650B60034BEA1 /* libopencv_aruco.3.4.1.dylib in Frameworks */,
				DA505FE3207650B60034BEA1 /* libopencv_dnn_objdetect.3.4.1.dylib in Frameworks */,
				DA505FE4207650B60034BEA1 /* libopencv_dpm.3.4.1.dylib in Frameworks */,
				DA505FE5207650B60034BEA1 /* libopencv_flann.3.4.1.dylib in Frameworks */,
				DA505FE6207650B60034BEA1 /* libopencv_img_hash.3.4.1.dylib in Frameworks */,
				DA505FE7207650B60034BEA1 /* libopencv_imgcodecs.3.4.1.dylib in Frameworks */,
				DA505FE8207650B60034BEA1 /* libopencv_features2d.3.4.1.dylib in Frameworks */,
				DA505FE9207650B60034BEA1 /* libopencv_objdetect.3.4.1.dylib in Frameworks */,
				DA505FEA207650B60034BEA1 /* libopencv_stereo.3.4.1.dylib in Frameworks */,
				DA505FEB207650B60034BEA1 /* libopencv_rgbd.3.4.1.dylib in Frameworks */,
				DA505FEC207650B60034BEA1 /* libopencv_video.3.4.1.dylib in Frameworks */,
				DA505FED207650B60034BEA1 /* libopencv_xfeatures2d.3.4.1.dylib in Frameworks */,
				DA505FEE207650B60034BEA1 /* libopencv_fuzzy.3.4.1.dylib in Frameworks */,
				DA505FEF207650B60034BEA1 /* libopencv_xobjdetect.3.4.1.dylib in Frameworks */,
				DA505FF0207650B60034BEA1 /* libopencv_optflow.3.4.1.dylib in Frameworks */,
				DA505FF1207650B60034BEA1 /* libopencv_saliency.3.4.1.dylib in Frameworks */,
				DA505FF2207650B60034BEA1 /* libopencv_videoio.3.4.1.dylib in Frameworks */,
				DA505FF3207650B60034BEA1 /* libopencv_structured_light.3.4.1.dylib in Frameworks */,
				DA505FF4207650B60034BEA1 /* libopencv_xphoto.3.4.1.dylib in Frameworks */,
				DA505FF5207650B60034BEA1 /* libopencv_datasets.3.4.1.dylib in Frameworks */,
				DA505FF6207650B60034BEA1 /* libopencv_shape.3.4.1.dylib in Frameworks */,
				DA505FF7207650B60034BEA1 /* libopencv_ml.3.4.1.dylib in Frameworks */,
				DA505FF8207650B60034BEA1 /* libopencv_plot.3.4.1.dylib in Frameworks */,
				DA505FF9207650B60034BEA1 /* libopencv_imgproc.3.4.1.dylib in Frameworks */,
				DA505FFA207650B60034BEA1 /* libopencv_photo.3.4.1.dylib in Frameworks */,
				DA505FFB207650B60034BEA1 /* libopencv_phase_unwrapping.3.4.1.dylib in Frameworks */,
				DA505FA3207650850034BEA1 /* OpenCL.framework in Frameworks */,
			);
			runOnlyForDeploymentPostprocessing = 0;
		};
/* End PBXFrameworksBuildPhase section */

/* Begin PBXGroup section */
		DA505F8E207650020034BEA1 = {
			isa = PBXGroup;
			children = (
				DA505F99207650020034BEA1 /* exempleOpenCL */,
				DA505F98207650020034BEA1 /* Products */,
				DA505FA1207650850034BEA1 /* Frameworks */,
			);
			sourceTree = "<group>";
		};
		DA505F98207650020034BEA1 /* Products */ = {
			isa = PBXGroup;
			children = (
				DA505F97207650020034BEA1 /* exempleOpenCL */,
			);
			name = Products;
			sourceTree = "<group>";
		};
		DA505F99207650020034BEA1 /* exempleOpenCL */ = {
			isa = PBXGroup;
			children = (
				DA505FFC207655B20034BEA1 /* myimage.jpg */,
				DA505F9A207650030034BEA1 /* main.cpp */,
				DA505FFD207655DE0034BEA1 /* exemple.cl */,
			);
			path = exempleOpenCL;
			sourceTree = "<group>";
		};
		DA505FA1207650850034BEA1 /* Frameworks */ = {
			isa = PBXGroup;
			children = (
				DA505FB6207650B50034BEA1 /* libopencv_aruco.3.4.1.dylib */,
				DA505FAE207650B50034BEA1 /* libopencv_bgsegm.3.4.1.dylib */,
				DA505FB3207650B50034BEA1 /* libopencv_bioinspired.3.4.1.dylib */,
				DA505FA6207650B50034BEA1 /* libopencv_calib3d.3.4.1.dylib */,
				DA505FAA207650B50034BEA1 /* libopencv_ccalib.3.4.1.dylib */,
				DA505FA7207650B50034BEA1 /* libopencv_core.3.4.1.dylib */,
				DA505FC9207650B60034BEA1 /* libopencv_datasets.3.4.1.dylib */,
				DA505FB7207650B50034BEA1 /* libopencv_dnn_objdetect.3.4.1.dylib */,
				DA505FB1207650B50034BEA1 /* libopencv_dnn.3.4.1.dylib */,
				DA505FB8207650B50034BEA1 /* libopencv_dpm.3.4.1.dylib */,
				DA505FB4207650B50034BEA1 /* libopencv_face.3.4.1.dylib */,
				DA505FBC207650B60034BEA1 /* libopencv_features2d.3.4.1.dylib */,
				DA505FB9207650B50034BEA1 /* libopencv_flann.3.4.1.dylib */,
				DA505FC2207650B60034BEA1 /* libopencv_fuzzy.3.4.1.dylib */,
				DA505FAF207650B50034BEA1 /* libopencv_hfs.3.4.1.dylib */,
				DA505FB5207650B50034BEA1 /* libopencv_highgui.3.4.1.dylib */,
				DA505FBA207650B50034BEA1 /* libopencv_img_hash.3.4.1.dylib */,
				DA505FBB207650B50034BEA1 /* libopencv_imgcodecs.3.4.1.dylib */,
				DA505FCD207650B60034BEA1 /* libopencv_imgproc.3.4.1.dylib */,
				DA505FB0207650B50034BEA1 /* libopencv_line_descriptor.3.4.1.dylib */,
				DA505FCB207650B60034BEA1 /* libopencv_ml.3.4.1.dylib */,
				DA505FBD207650B60034BEA1 /* libopencv_objdetect.3.4.1.dylib */,
				DA505FC4207650B60034BEA1 /* libopencv_optflow.3.4.1.dylib */,
				DA505FCF207650B60034BEA1 /* libopencv_phase_unwrapping.3.4.1.dylib */,
				DA505FCE207650B60034BEA1 /* libopencv_photo.3.4.1.dylib */,
				DA505FCC207650B60034BEA1 /* libopencv_plot.3.4.1.dylib */,
				DA505FAB207650B50034BEA1 /* libopencv_reg.3.4.1.dylib */,
				DA505FBF207650B60034BEA1 /* libopencv_rgbd.3.4.1.dylib */,
				DA505FC5207650B60034BEA1 /* libopencv_saliency.3.4.1.dylib */,
				DA505FCA207650B60034BEA1 /* libopencv_shape.3.4.1.dylib */,
				DA505FBE207650B60034BEA1 /* libopencv_stereo.3.4.1.dylib */,
				DA505FA9207650B50034BEA1 /* libopencv_stitching.3.4.1.dylib */,
				DA505FC7207650B60034BEA1 /* libopencv_structured_light.3.4.1.dylib */,
				DA505FAD207650B50034BEA1 /* libopencv_superres.3.4.1.dylib */,
				DA505FA8207650B50034BEA1 /* libopencv_surface_matching.3.4.1.dylib */,
				DA505FA4207650B50034BEA1 /* libopencv_text.3.4.1.dylib */,
				DA505FAC207650B50034BEA1 /* libopencv_tracking.3.4.1.dylib */,
				DA505FC0207650B60034BEA1 /* libopencv_video.3.4.1.dylib */,
				DA505FC6207650B60034BEA1 /* libopencv_videoio.3.4.1.dylib */,
				DA505FA5207650B50034BEA1 /* libopencv_videostab.3.4.1.dylib */,
				DA505FC1207650B60034BEA1 /* libopencv_xfeatures2d.3.4.1.dylib */,
				DA505FB2207650B50034BEA1 /* libopencv_ximgproc.3.4.1.dylib */,
				DA505FC3207650B60034BEA1 /* libopencv_xobjdetect.3.4.1.dylib */,
				DA505FC8207650B60034BEA1 /* libopencv_xphoto.3.4.1.dylib */,
				DA505FA2207650850034BEA1 /* OpenCL.framework */,
			);
			name = Frameworks;
			sourceTree = "<group>";
		};
/* End PBXGroup section */

/* Begin PBXNativeTarget section */
		DA505F96207650020034BEA1 /* exempleOpenCL */ = {
			isa = PBXNativeTarget;
			buildConfigurationList = DA505F9E207650030034BEA1 /* Build configuration list for PBXNativeTarget "exempleOpenCL" */;
			buildPhases = (
				DA505F93207650020034BEA1 /* Sources */,
				DA505F94207650020034BEA1 /* Frameworks */,
				DA505F95207650020034BEA1 /* CopyFiles */,
			);
			buildRules = (
			);
			dependencies = (
			);
			name = exempleOpenCL;
			productName = exempleOpenCL;
			productReference = DA505F97207650020034BEA1 /* exempleOpenCL */;
			productType = "com.apple.product-type.tool";
		};
/* End PBXNativeTarget section */

/* Begin PBXProject section */
		DA505F8F207650020034BEA1 /* Project object */ = {
			isa = PBXProject;
			attributes = {
				LastUpgradeCheck = 0900;
				ORGANIZATIONNAME = "zijiang yang";
				TargetAttributes = {
					DA505F96207650020034BEA1 = {
						CreatedOnToolsVersion = 9.0;
						ProvisioningStyle = Automatic;
					};
				};
			};
			buildConfigurationList = DA505F92207650020034BEA1 /* Build configuration list for PBXProject "exempleOpenCL" */;
			compatibilityVersion = "Xcode 8.0";
			developmentRegion = en;
			hasScannedForEncodings = 0;
			knownRegions = (
				en,
			);
			mainGroup = DA505F8E207650020034BEA1;
			productRefGroup = DA505F98207650020034BEA1 /* Products */;
			projectDirPath = "";
			projectRoot = "";
			targets = (
				DA505F96207650020034BEA1 /* exempleOpenCL */,
			);
		};
/* End PBXProject section */

/* Begin PBXSourcesBuildPhase section */
		DA505F93207650020034BEA1 /* Sources */ = {
			isa = PBXSourcesBuildPhase;
			buildActionMask = 2147483647;
			files = (
				DA505F9B207650030034BEA1 /* main.cpp in Sources */,
				DA505FFE207655DE0034BEA1 /* exemple.cl in Sources */,
			);
			runOnlyForDeploymentPostprocessing = 0;
		};
/* End PBXSourcesBuildPhase section */

/* Begin XCBuildConfiguration section */
		DA505F9C207650030034BEA1 /* Debug */ = {
			isa = XCBuildConfiguration;
			buildSettings = {
				ALWAYS_SEARCH_USER_PATHS = NO;
				CLANG_ANALYZER_NONNULL = YES;
				CLANG_ANALYZER_NUMBER_OBJECT_CONVERSION = YES_AGGRESSIVE;
				CLANG_CXX_LANGUAGE_STANDARD = "gnu++14";
				CLANG_CXX_LIBRARY = "libc++";
				CLANG_ENABLE_MODULES = YES;
				CLANG_ENABLE_OBJC_ARC = YES;
				CLANG_WARN_BLOCK_CAPTURE_AUTORELEASING = YES;
				CLANG_WARN_BOOL_CONVERSION = YES;
				CLANG_WARN_COMMA = YES;
				CLANG_WARN_CONSTANT_CONVERSION = YES;
				CLANG_WARN_DIRECT_OBJC_ISA_USAGE = YES_ERROR;
				CLANG_WARN_DOCUMENTATION_COMMENTS = YES;
				CLANG_WARN_EMPTY_BODY = YES;
				CLANG_WARN_ENUM_CONVERSION = YES;
				CLANG_WARN_INFINITE_RECURSION = YES;
				CLANG_WARN_INT_CONVERSION = YES;
				CLANG_WARN_NON_LITERAL_NULL_CONVERSION = YES;
				CLANG_WARN_OBJC_LITERAL_CONVERSION = YES;
				CLANG_WARN_OBJC_ROOT_CLASS = YES_ERROR;
				CLANG_WARN_RANGE_LOOP_ANALYSIS = YES;
				CLANG_WARN_STRICT_PROTOTYPES = YES;
				CLANG_WARN_SUSPICIOUS_MOVE = YES;
				CLANG_WARN_UNGUARDED_AVAILABILITY = YES_AGGRESSIVE;
				CLANG_WARN_UNREACHABLE_CODE = YES;
				CLANG_WARN__DUPLICATE_METHOD_MATCH = YES;
				CODE_SIGN_IDENTITY = "-";
				COPY_PHASE_STRIP = NO;
				DEBUG_INFORMATION_FORMAT = dwarf;
				ENABLE_STRICT_OBJC_MSGSEND = YES;
				ENABLE_TESTABILITY = YES;
				GCC_C_LANGUAGE_STANDARD = gnu11;
				GCC_DYNAMIC_NO_PIC = NO;
				GCC_NO_COMMON_BLOCKS = YES;
				GCC_OPTIMIZATION_LEVEL = 0;
				GCC_PREPROCESSOR_DEFINITIONS = (
					"DEBUG=1",
					"$(inherited)",
				);
				GCC_WARN_64_TO_32_BIT_CONVERSION = YES;
				GCC_WARN_ABOUT_RETURN_TYPE = YES_ERROR;
				GCC_WARN_UNDECLARED_SELECTOR = YES;
				GCC_WARN_UNINITIALIZED_AUTOS = YES_AGGRESSIVE;
				GCC_WARN_UNUSED_FUNCTION = YES;
				GCC_WARN_UNUSED_VARIABLE = YES;
				MACOSX_DEPLOYMENT_TARGET = 10.13;
				MTL_ENABLE_DEBUG_INFO = YES;
				ONLY_ACTIVE_ARCH = YES;
				SDKROOT = macosx;
			};
			name = Debug;
		};
		DA505F9D207650030034BEA1 /* Release */ = {
			isa = XCBuildConfiguration;
			buildSettings = {
				ALWAYS_SEARCH_USER_PATHS = NO;
				CLANG_ANALYZER_NONNULL = YES;
				CLANG_ANALYZER_NUMBER_OBJECT_CONVERSION = YES_AGGRESSIVE;
				CLANG_CXX_LANGUAGE_STANDARD = "gnu++14";
				CLANG_CXX_LIBRARY = "libc++";
				CLANG_ENABLE_MODULES = YES;
				CLANG_ENABLE_OBJC_ARC = YES;
				CLANG_WARN_BLOCK_CAPTURE_AUTORELEASING = YES;
				CLANG_WARN_BOOL_CONVERSION = YES;
				CLANG_WARN_COMMA = YES;
				CLANG_WARN_CONSTANT_CONVERSION = YES;
				CLANG_WARN_DIRECT_OBJC_ISA_USAGE = YES_ERROR;
				CLANG_WARN_DOCUMENTATION_COMMENTS = YES;
				CLANG_WARN_EMPTY_BODY = YES;
				CLANG_WARN_ENUM_CONVERSION = YES;
				CLANG_WARN_INFINITE_RECURSION = YES;
				CLANG_WARN_INT_CONVERSION = YES;
				CLANG_WARN_NON_LITERAL_NULL_CONVERSION = YES;
				CLANG_WARN_OBJC_LITERAL_CONVERSION = YES;
				CLANG_WARN_OBJC_ROOT_CLASS = YES_ERROR;
				CLANG_WARN_RANGE_LOOP_ANALYSIS = YES;
				CLANG_WARN_STRICT_PROTOTYPES = YES;
				CLANG_WARN_SUSPICIOUS_MOVE = YES;
				CLANG_WARN_UNGUARDED_AVAILABILITY = YES_AGGRESSIVE;
				CLANG_WARN_UNREACHABLE_CODE = YES;
				CLANG_WARN__DUPLICATE_METHOD_MATCH = YES;
				CODE_SIGN_IDENTITY = "-";
				COPY_PHASE_STRIP = NO;
				DEBUG_INFORMATION_FORMAT = "dwarf-with-dsym";
				ENABLE_NS_ASSERTIONS = NO;
				ENABLE_STRICT_OBJC_MSGSEND = YES;
				GCC_C_LANGUAGE_STANDARD = gnu11;
				GCC_NO_COMMON_BLOCKS = YES;
				GCC_WARN_64_TO_32_BIT_CONVERSION = YES;
				GCC_WARN_ABOUT_RETURN_TYPE = YES_ERROR;
				GCC_WARN_UNDECLARED_SELECTOR = YES;
				GCC_WARN_UNINITIALIZED_AUTOS = YES_AGGRESSIVE;
				GCC_WARN_UNUSED_FUNCTION = YES;
				GCC_WARN_UNUSED_VARIABLE = YES;
				MACOSX_DEPLOYMENT_TARGET = 10.13;
				MTL_ENABLE_DEBUG_INFO = NO;
				SDKROOT = macosx;
			};
			name = Release;
		};
		DA505F9F207650030034BEA1 /* Debug */ = {
			isa = XCBuildConfiguration;
			buildSettings = {
				CODE_SIGN_STYLE = Automatic;
				HEADER_SEARCH_PATHS = /usr/local/Cellar/opencv/3.4.1_2/include;
				LIBRARY_SEARCH_PATHS = (
					"$(inherited)",
					/usr/local/Cellar/opencv/3.4.1_2/lib,
				);
				PRODUCT_NAME = "$(TARGET_NAME)";
			};
			name = Debug;
		};
		DA505FA0207650030034BEA1 /* Release */ = {
			isa = XCBuildConfiguration;
			buildSettings = {
				CODE_SIGN_STYLE = Automatic;
				HEADER_SEARCH_PATHS = /usr/local/Cellar/opencv/3.4.1_2/include;
				LIBRARY_SEARCH_PATHS = (
					"$(inherited)",
					/usr/local/Cellar/opencv/3.4.1_2/lib,
				);
				PRODUCT_NAME = "$(TARGET_NAME)";
			};
			name = Release;
		};
/* End XCBuildConfiguration section */

/* Begin XCConfigurationList section */
		DA505F92207650020034BEA1 /* Build configuration list for PBXProject "exempleOpenCL" */ = {
			isa = XCConfigurationList;
			buildConfigurations = (
				DA505F9C207650030034BEA1 /* Debug */,
				DA505F9D207650030034BEA1 /* Release */,
			);
			defaultConfigurationIsVisible = 0;
			defaultConfigurationName = Release;
		};
		DA505F9E207650030034BEA1 /* Build configuration list for PBXNativeTarget "exempleOpenCL" */ = {
			isa = XCConfigurationList;
			buildConfigurations = (
				DA505F9F207650030034BEA1 /* Debug */,
				DA505FA0207650030034BEA1 /* Release */,
			);
			defaultConfigurationIsVisible = 0;
			defaultConfigurationName = Release;
		};
/* End XCConfigurationList section */
	};
	rootObject = DA505F8F207650020034BEA1 /* Project object */;
}
